
Microsoft Visual Studio Solution File, Format Version 12.00
# Visual Studio Version 17
VisualStudioVersion = 17.6.33723.286
MinimumVisualStudioVersion = 10.0.40219.1
Project("{FAE04EC0-301F-11D3-BF4B-00C04F79EFBC}") = "task52", "task52.csproj", "{A41C313C-02B5-455F-98D5-C8144218F576}"
EndProject
Global
	GlobalSection(SolutionConfigurationPlatforms) = preSolution
		Debug|Any CPU = Debug|Any CPU
		Release|Any CPU = Release|Any CPU
	EndGlobalSection
	GlobalSection(ProjectConfigurationPlatforms) = postSolution
		{A41C313C-02B5-455F-98D5-C8144218F576}.Debug|Any CPU.ActiveCfg = Debug|Any CPU
		{A41C313C-02B5-455F-98D5-C8144218F576}.Debug|Any CPU.Build.0 = Debug|Any CPU
		{A41C313C-02B5-455F-98D5-C8144218F576}.Release|Any CPU.ActiveCfg = Release|Any CPU
		{A41C313C-02B5-455F-98D5-C8144218F576}.Release|Any CPU.Build.0 = Release|Any CPU
	EndGlobalSection
	GlobalSection(SolutionProperties) = preSolution
		HideSolutionNode = FALSE
	EndGlobalSection
	GlobalSection(ExtensibilityGlobals) = postSolution
		SolutionGuid = {7043E0D3-53C0-4518-9AC3-9EEE19EA3BCE}
	EndGlobalSection
EndGlobal
