
Microsoft Visual Studio Solution File, Format Version 12.00
# Visual Studio Version 17
VisualStudioVersion = 17.6.33723.286
MinimumVisualStudioVersion = 10.0.40219.1
Project("{FAE04EC0-301F-11D3-BF4B-00C04F79EFBC}") = "task50", "task50.csproj", "{23CA77D7-B36F-4B8C-A789-DC0C228F0521}"
EndProject
Global
	GlobalSection(SolutionConfigurationPlatforms) = preSolution
		Debug|Any CPU = Debug|Any CPU
		Release|Any CPU = Release|Any CPU
	EndGlobalSection
	GlobalSection(ProjectConfigurationPlatforms) = postSolution
		{23CA77D7-B36F-4B8C-A789-DC0C228F0521}.Debug|Any CPU.ActiveCfg = Debug|Any CPU
		{23CA77D7-B36F-4B8C-A789-DC0C228F0521}.Debug|Any CPU.Build.0 = Debug|Any CPU
		{23CA77D7-B36F-4B8C-A789-DC0C228F0521}.Release|Any CPU.ActiveCfg = Release|Any CPU
		{23CA77D7-B36F-4B8C-A789-DC0C228F0521}.Release|Any CPU.Build.0 = Release|Any CPU
	EndGlobalSection
	GlobalSection(SolutionProperties) = preSolution
		HideSolutionNode = FALSE
	EndGlobalSection
	GlobalSection(ExtensibilityGlobals) = postSolution
		SolutionGuid = {7A0D5B71-C613-4DA2-91EE-06286F8035BE}
	EndGlobalSection
EndGlobal
